
Microsoft Visual Studio Solution File, Format Version 12.00
# Visual Studio Version 17
VisualStudioVersion = 17.6.33717.318
MinimumVisualStudioVersion = 10.0.40219.1
Project("{FAE04EC0-301F-11D3-BF4B-00C04F79EFBC}") = "MVCApp1Employees", "MVCApp1Employees\MVCApp1Employees.csproj", "{C5DE0536-3A43-4EE2-942B-2CAE1C52D7A9}"
EndProject
Global
	GlobalSection(SolutionConfigurationPlatforms) = preSolution
		Debug|Any CPU = Debug|Any CPU
		Release|Any CPU = Release|Any CPU
	EndGlobalSection
	GlobalSection(ProjectConfigurationPlatforms) = postSolution
		{C5DE0536-3A43-4EE2-942B-2CAE1C52D7A9}.Debug|Any CPU.ActiveCfg = Debug|Any CPU
		{C5DE0536-3A43-4EE2-942B-2CAE1C52D7A9}.Debug|Any CPU.Build.0 = Debug|Any CPU
		{C5DE0536-3A43-4EE2-942B-2CAE1C52D7A9}.Release|Any CPU.ActiveCfg = Release|Any CPU
		{C5DE0536-3A43-4EE2-942B-2CAE1C52D7A9}.Release|Any CPU.Build.0 = Release|Any CPU
	EndGlobalSection
	GlobalSection(SolutionProperties) = preSolution
		HideSolutionNode = FALSE
	EndGlobalSection
	GlobalSection(ExtensibilityGlobals) = postSolution
		SolutionGuid = {19693527-9007-40E3-A39A-33F1DF7F6D6F}
	EndGlobalSection
EndGlobal
